
Microsoft Visual Studio Solution File, Format Version 12.00
# Visual Studio 2012
Project("{FAE04EC0-301F-11D3-BF4B-00C04F79EFBC}") = "CommandLineTools", "CommandLineTools.csproj", "{A0E4BCCA-A041-43B8-8E10-39D1A707583C}"
EndProject
Global
	GlobalSection(SolutionConfigurationPlatforms) = preSolution
		Debug|Any CPU = Debug|Any CPU
		Release|Any CPU = Release|Any CPU
	EndGlobalSection
	GlobalSection(ProjectConfigurationPlatforms) = postSolution
		{A0E4BCCA-A041-43B8-8E10-39D1A707583C}.Debug|Any CPU.ActiveCfg = Debug|Any CPU
		{A0E4BCCA-A041-43B8-8E10-39D1A707583C}.Debug|Any CPU.Build.0 = Debug|Any CPU
		{A0E4BCCA-A041-43B8-8E10-39D1A707583C}.Release|Any CPU.ActiveCfg = Release|Any CPU
		{A0E4BCCA-A041-43B8-8E10-39D1A707583C}.Release|Any CPU.Build.0 = Release|Any CPU
	EndGlobalSection
	GlobalSection(SolutionProperties) = preSolution
		HideSolutionNode = FALSE
	EndGlobalSection
EndGlobal
